// !$*UTF8*$!
{
	archiveVersion = 1;
	classes = {
	};
	objectVersion = 46;
	objects = {

/* Begin PBXBuildFile section */
		99630AEA1C135FE100AEF67D /* Day5.swift in Sources */ = {isa = PBXBuildFile; fileRef = 99630AE91C135FE100AEF67D /* Day5.swift */; };
		99630AEF1C13906B00AEF67D /* Util.swift in Sources */ = {isa = PBXBuildFile; fileRef = 99630AEE1C13906B00AEF67D /* Util.swift */; };
		99630AF31C13C3FB00AEF67D /* StringExtentions.swift in Sources */ = {isa = PBXBuildFile; fileRef = 99630AF21C13C3FB00AEF67D /* StringExtentions.swift */; };
		99630AF51C149E6D00AEF67D /* Day6.swift in Sources */ = {isa = PBXBuildFile; fileRef = 99630AF41C149E6D00AEF67D /* Day6.swift */; };
		99630AF71C14DA0D00AEF67D /* DayBase.swift in Sources */ = {isa = PBXBuildFile; fileRef = 99630AF61C14DA0D00AEF67D /* DayBase.swift */; };
		99630AF91C150DA200AEF67D /* Day7.swift in Sources */ = {isa = PBXBuildFile; fileRef = 99630AF81C150DA200AEF67D /* Day7.swift */; };
		99630AFC1C16B20800AEF67D /* Day8.swift in Sources */ = {isa = PBXBuildFile; fileRef = 99630AFB1C16B20800AEF67D /* Day8.swift */; };
		99630B001C17F32C00AEF67D /* Day9.swift in Sources */ = {isa = PBXBuildFile; fileRef = 99630AFF1C17F32C00AEF67D /* Day9.swift */; };
		99E427C71C127E7D00527174 /* main.swift in Sources */ = {isa = PBXBuildFile; fileRef = 99E427C61C127E7D00527174 /* main.swift */; };
		99E427CE1C127EB300527174 /* Day1.swift in Sources */ = {isa = PBXBuildFile; fileRef = 99E427CD1C127EB300527174 /* Day1.swift */; };
		99E427D01C12808000527174 /* Day2.swift in Sources */ = {isa = PBXBuildFile; fileRef = 99E427CF1C12808000527174 /* Day2.swift */; };
		99E427D21C12AA5200527174 /* Day3.swift in Sources */ = {isa = PBXBuildFile; fileRef = 99E427D11C12AA5200527174 /* Day3.swift */; };
		99E427D51C12B72800527174 /* Day4.swift in Sources */ = {isa = PBXBuildFile; fileRef = 99E427D41C12B72800527174 /* Day4.swift */; };
/* End PBXBuildFile section */

/* Begin PBXCopyFilesBuildPhase section */
		99E427C11C127E7D00527174 /* CopyFiles */ = {
			isa = PBXCopyFilesBuildPhase;
			buildActionMask = 2147483647;
			dstPath = /usr/share/man/man1/;
			dstSubfolderSpec = 0;
			files = (
			);
			runOnlyForDeploymentPostprocessing = 1;
		};
/* End PBXCopyFilesBuildPhase section */

/* Begin PBXFileReference section */
		99630AE91C135FE100AEF67D /* Day5.swift */ = {isa = PBXFileReference; fileEncoding = 4; lastKnownFileType = sourcecode.swift; path = Day5.swift; sourceTree = "<group>"; };
		99630AEB1C13903000AEF67D /* Advent-Bridging-Header.h */ = {isa = PBXFileReference; lastKnownFileType = sourcecode.c.h; path = "Advent-Bridging-Header.h"; sourceTree = "<group>"; };
		99630AEE1C13906B00AEF67D /* Util.swift */ = {isa = PBXFileReference; fileEncoding = 4; lastKnownFileType = sourcecode.swift; path = Util.swift; sourceTree = "<group>"; };
		99630AF21C13C3FB00AEF67D /* StringExtentions.swift */ = {isa = PBXFileReference; fileEncoding = 4; lastKnownFileType = sourcecode.swift; path = StringExtentions.swift; sourceTree = "<group>"; };
		99630AF41C149E6D00AEF67D /* Day6.swift */ = {isa = PBXFileReference; fileEncoding = 4; lastKnownFileType = sourcecode.swift; path = Day6.swift; sourceTree = "<group>"; };
		99630AF61C14DA0D00AEF67D /* DayBase.swift */ = {isa = PBXFileReference; fileEncoding = 4; lastKnownFileType = sourcecode.swift; path = DayBase.swift; sourceTree = "<group>"; };
		99630AF81C150DA200AEF67D /* Day7.swift */ = {isa = PBXFileReference; fileEncoding = 4; lastKnownFileType = sourcecode.swift; path = Day7.swift; sourceTree = "<group>"; };
		99630AFA1C150E9300AEF67D /* advent6.txt */ = {isa = PBXFileReference; fileEncoding = 4; lastKnownFileType = text; path = advent6.txt; sourceTree = "<group>"; };
		99630AFB1C16B20800AEF67D /* Day8.swift */ = {isa = PBXFileReference; fileEncoding = 4; lastKnownFileType = sourcecode.swift; path = Day8.swift; sourceTree = "<group>"; };
		99630AFD1C17CF6D00AEF67D /* advent7.txt */ = {isa = PBXFileReference; fileEncoding = 4; lastKnownFileType = text; path = advent7.txt; sourceTree = "<group>"; };
		99630AFE1C17CF6D00AEF67D /* advent8.txt */ = {isa = PBXFileReference; fileEncoding = 4; lastKnownFileType = text; name = advent8.txt; path = ../../../../../../../../Documents/Playground/Advent/Advent/advent8.txt; sourceTree = BUILT_PRODUCTS_DIR; };
		99630AFF1C17F32C00AEF67D /* Day9.swift */ = {isa = PBXFileReference; fileEncoding = 4; lastKnownFileType = sourcecode.swift; path = Day9.swift; sourceTree = "<group>"; };
		99630B011C17F4BA00AEF67D /* advent9.txt */ = {isa = PBXFileReference; fileEncoding = 4; lastKnownFileType = text; path = advent9.txt; sourceTree = "<group>"; };
		99E427C31C127E7D00527174 /* Advent */ = {isa = PBXFileReference; explicitFileType = "compiled.mach-o.executable"; includeInIndex = 0; path = Advent; sourceTree = BUILT_PRODUCTS_DIR; };
		99E427C61C127E7D00527174 /* main.swift */ = {isa = PBXFileReference; lastKnownFileType = sourcecode.swift; path = main.swift; sourceTree = "<group>"; };
		99E427CD1C127EB300527174 /* Day1.swift */ = {isa = PBXFileReference; fileEncoding = 4; lastKnownFileType = sourcecode.swift; path = Day1.swift; sourceTree = "<group>"; };
		99E427CF1C12808000527174 /* Day2.swift */ = {isa = PBXFileReference; fileEncoding = 4; lastKnownFileType = sourcecode.swift; path = Day2.swift; sourceTree = "<group>"; };
		99E427D11C12AA5200527174 /* Day3.swift */ = {isa = PBXFileReference; fileEncoding = 4; lastKnownFileType = sourcecode.swift; path = Day3.swift; sourceTree = "<group>"; };
		99E427D31C12ABC400527174 /* advent2.txt */ = {isa = PBXFileReference; fileEncoding = 4; lastKnownFileType = text; path = advent2.txt; sourceTree = "<group>"; };
		99E427D41C12B72800527174 /* Day4.swift */ = {isa = PBXFileReference; fileEncoding = 4; lastKnownFileType = sourcecode.swift; path = Day4.swift; sourceTree = "<group>"; };
		99E427D61C12C7D500527174 /* advent5.txt */ = {isa = PBXFileReference; fileEncoding = 4; lastKnownFileType = text; path = advent5.txt; sourceTree = "<group>"; };
/* End PBXFileReference section */

/* Begin PBXFrameworksBuildPhase section */
		99E427C01C127E7D00527174 /* Frameworks */ = {
			isa = PBXFrameworksBuildPhase;
			buildActionMask = 2147483647;
			files = (
			);
			runOnlyForDeploymentPostprocessing = 0;
		};
/* End PBXFrameworksBuildPhase section */

/* Begin PBXGroup section */
		99E427BA1C127E7D00527174 = {
			isa = PBXGroup;
			children = (
				99E427C51C127E7D00527174 /* Advent */,
				99E427C41C127E7D00527174 /* Products */,
			);
			sourceTree = "<group>";
		};
		99E427C41C127E7D00527174 /* Products */ = {
			isa = PBXGroup;
			children = (
				99E427C31C127E7D00527174 /* Advent */,
			);
			name = Products;
			sourceTree = "<group>";
		};
		99E427C51C127E7D00527174 /* Advent */ = {
			isa = PBXGroup;
			children = (
				99630B011C17F4BA00AEF67D /* advent9.txt */,
				99630AFD1C17CF6D00AEF67D /* advent7.txt */,
				99630AFE1C17CF6D00AEF67D /* advent8.txt */,
				99630AFA1C150E9300AEF67D /* advent6.txt */,
				99E427D61C12C7D500527174 /* advent5.txt */,
				99E427D31C12ABC400527174 /* advent2.txt */,
				99E427C61C127E7D00527174 /* main.swift */,
				99E427CD1C127EB300527174 /* Day1.swift */,
				99E427CF1C12808000527174 /* Day2.swift */,
				99E427D11C12AA5200527174 /* Day3.swift */,
				99E427D41C12B72800527174 /* Day4.swift */,
				99630AE91C135FE100AEF67D /* Day5.swift */,
				99630AF41C149E6D00AEF67D /* Day6.swift */,
				99630AF81C150DA200AEF67D /* Day7.swift */,
				99630AFB1C16B20800AEF67D /* Day8.swift */,
				99630AFF1C17F32C00AEF67D /* Day9.swift */,
				99630AF61C14DA0D00AEF67D /* DayBase.swift */,
				99630AEE1C13906B00AEF67D /* Util.swift */,
				99630AF21C13C3FB00AEF67D /* StringExtentions.swift */,
				99630AEB1C13903000AEF67D /* Advent-Bridging-Header.h */,
			);
			path = Advent;
			sourceTree = "<group>";
		};
/* End PBXGroup section */

/* Begin PBXNativeTarget section */
		99E427C21C127E7D00527174 /* Advent */ = {
			isa = PBXNativeTarget;
			buildConfigurationList = 99E427CA1C127E7D00527174 /* Build configuration list for PBXNativeTarget "Advent" */;
			buildPhases = (
				99E427BF1C127E7D00527174 /* Sources */,
				99E427C01C127E7D00527174 /* Frameworks */,
				99E427C11C127E7D00527174 /* CopyFiles */,
			);
			buildRules = (
			);
			dependencies = (
			);
			name = Advent;
			productName = Advent;
			productReference = 99E427C31C127E7D00527174 /* Advent */;
			productType = "com.apple.product-type.tool";
		};
/* End PBXNativeTarget section */

/* Begin PBXProject section */
		99E427BB1C127E7D00527174 /* Project object */ = {
			isa = PBXProject;
			attributes = {
				LastSwiftUpdateCheck = 0710;
				LastUpgradeCheck = 0710;
				ORGANIZATIONNAME = Dan;
				TargetAttributes = {
					99E427C21C127E7D00527174 = {
						CreatedOnToolsVersion = 7.1.1;
					};
				};
			};
			buildConfigurationList = 99E427BE1C127E7D00527174 /* Build configuration list for PBXProject "Advent" */;
			compatibilityVersion = "Xcode 3.2";
			developmentRegion = English;
			hasScannedForEncodings = 0;
			knownRegions = (
				en,
			);
			mainGroup = 99E427BA1C127E7D00527174;
			productRefGroup = 99E427C41C127E7D00527174 /* Products */;
			projectDirPath = "";
			projectRoot = "";
			targets = (
				99E427C21C127E7D00527174 /* Advent */,
			);
		};
/* End PBXProject section */

/* Begin PBXSourcesBuildPhase section */
		99E427BF1C127E7D00527174 /* Sources */ = {
			isa = PBXSourcesBuildPhase;
			buildActionMask = 2147483647;
			files = (
				99E427CE1C127EB300527174 /* Day1.swift in Sources */,
				99630AF31C13C3FB00AEF67D /* StringExtentions.swift in Sources */,
				99E427D51C12B72800527174 /* Day4.swift in Sources */,
				99E427D01C12808000527174 /* Day2.swift in Sources */,
				99630AF91C150DA200AEF67D /* Day7.swift in Sources */,
				99630AEF1C13906B00AEF67D /* Util.swift in Sources */,
				99E427D21C12AA5200527174 /* Day3.swift in Sources */,
				99630AFC1C16B20800AEF67D /* Day8.swift in Sources */,
				99630AEA1C135FE100AEF67D /* Day5.swift in Sources */,
				99630B001C17F32C00AEF67D /* Day9.swift in Sources */,
				99630AF71C14DA0D00AEF67D /* DayBase.swift in Sources */,
				99630AF51C149E6D00AEF67D /* Day6.swift in Sources */,
				99E427C71C127E7D00527174 /* main.swift in Sources */,
			);
			runOnlyForDeploymentPostprocessing = 0;
		};
/* End PBXSourcesBuildPhase section */

/* Begin XCBuildConfiguration section */
		99E427C81C127E7D00527174 /* Debug */ = {
			isa = XCBuildConfiguration;
			buildSettings = {
				ALWAYS_SEARCH_USER_PATHS = NO;
				CLANG_CXX_LANGUAGE_STANDARD = "gnu++0x";
				CLANG_CXX_LIBRARY = "libc++";
				CLANG_ENABLE_MODULES = YES;
				CLANG_ENABLE_OBJC_ARC = YES;
				CLANG_WARN_BOOL_CONVERSION = YES;
				CLANG_WARN_CONSTANT_CONVERSION = YES;
				CLANG_WARN_DIRECT_OBJC_ISA_USAGE = YES_ERROR;
				CLANG_WARN_EMPTY_BODY = YES;
				CLANG_WARN_ENUM_CONVERSION = YES;
				CLANG_WARN_INT_CONVERSION = YES;
				CLANG_WARN_OBJC_ROOT_CLASS = YES_ERROR;
				CLANG_WARN_UNREACHABLE_CODE = YES;
				CLANG_WARN__DUPLICATE_METHOD_MATCH = YES;
				CODE_SIGN_IDENTITY = "-";
				COPY_PHASE_STRIP = NO;
				DEBUG_INFORMATION_FORMAT = dwarf;
				ENABLE_STRICT_OBJC_MSGSEND = YES;
				ENABLE_TESTABILITY = YES;
				GCC_C_LANGUAGE_STANDARD = gnu99;
				GCC_DYNAMIC_NO_PIC = NO;
				GCC_NO_COMMON_BLOCKS = YES;
				GCC_OPTIMIZATION_LEVEL = 0;
				GCC_PREPROCESSOR_DEFINITIONS = (
					"DEBUG=1",
					"$(inherited)",
				);
				GCC_WARN_64_TO_32_BIT_CONVERSION = YES;
				GCC_WARN_ABOUT_RETURN_TYPE = YES_ERROR;
				GCC_WARN_UNDECLARED_SELECTOR = YES;
				GCC_WARN_UNINITIALIZED_AUTOS = YES_AGGRESSIVE;
				GCC_WARN_UNUSED_FUNCTION = YES;
				GCC_WARN_UNUSED_VARIABLE = YES;
				MACOSX_DEPLOYMENT_TARGET = 10.11;
				MTL_ENABLE_DEBUG_INFO = YES;
				ONLY_ACTIVE_ARCH = YES;
				SDKROOT = macosx;
				SWIFT_OPTIMIZATION_LEVEL = "-Onone";
			};
			name = Debug;
		};
		99E427C91C127E7D00527174 /* Release */ = {
			isa = XCBuildConfiguration;
			buildSettings = {
				ALWAYS_SEARCH_USER_PATHS = NO;
				CLANG_CXX_LANGUAGE_STANDARD = "gnu++0x";
				CLANG_CXX_LIBRARY = "libc++";
				CLANG_ENABLE_MODULES = YES;
				CLANG_ENABLE_OBJC_ARC = YES;
				CLANG_WARN_BOOL_CONVERSION = YES;
				CLANG_WARN_CONSTANT_CONVERSION = YES;
				CLANG_WARN_DIRECT_OBJC_ISA_USAGE = YES_ERROR;
				CLANG_WARN_EMPTY_BODY = YES;
				CLANG_WARN_ENUM_CONVERSION = YES;
				CLANG_WARN_INT_CONVERSION = YES;
				CLANG_WARN_OBJC_ROOT_CLASS = YES_ERROR;
				CLANG_WARN_UNREACHABLE_CODE = YES;
				CLANG_WARN__DUPLICATE_METHOD_MATCH = YES;
				CODE_SIGN_IDENTITY = "-";
				COPY_PHASE_STRIP = NO;
				DEBUG_INFORMATION_FORMAT = "dwarf-with-dsym";
				ENABLE_NS_ASSERTIONS = NO;
				ENABLE_STRICT_OBJC_MSGSEND = YES;
				GCC_C_LANGUAGE_STANDARD = gnu99;
				GCC_NO_COMMON_BLOCKS = YES;
				GCC_WARN_64_TO_32_BIT_CONVERSION = YES;
				GCC_WARN_ABOUT_RETURN_TYPE = YES_ERROR;
				GCC_WARN_UNDECLARED_SELECTOR = YES;
				GCC_WARN_UNINITIALIZED_AUTOS = YES_AGGRESSIVE;
				GCC_WARN_UNUSED_FUNCTION = YES;
				GCC_WARN_UNUSED_VARIABLE = YES;
				MACOSX_DEPLOYMENT_TARGET = 10.11;
				MTL_ENABLE_DEBUG_INFO = NO;
				SDKROOT = macosx;
			};
			name = Release;
		};
		99E427CB1C127E7D00527174 /* Debug */ = {
			isa = XCBuildConfiguration;
			buildSettings = {
				CLANG_ENABLE_MODULES = YES;
				LD_RUNPATH_SEARCH_PATHS = "$(inherited) @executable_path/../Frameworks @loader_path/../Frameworks";
				PRODUCT_NAME = "$(TARGET_NAME)";
				SWIFT_OBJC_BRIDGING_HEADER = "Advent/Advent-Bridging-Header.h";
				SWIFT_OPTIMIZATION_LEVEL = "-Onone";
			};
			name = Debug;
		};
		99E427CC1C127E7D00527174 /* Release */ = {
			isa = XCBuildConfiguration;
			buildSettings = {
				CLANG_ENABLE_MODULES = YES;
				LD_RUNPATH_SEARCH_PATHS = "$(inherited) @executable_path/../Frameworks @loader_path/../Frameworks";
				PRODUCT_NAME = "$(TARGET_NAME)";
				SWIFT_OBJC_BRIDGING_HEADER = "Advent/Advent-Bridging-Header.h";
			};
			name = Release;
		};
/* End XCBuildConfiguration section */

/* Begin XCConfigurationList section */
		99E427BE1C127E7D00527174 /* Build configuration list for PBXProject "Advent" */ = {
			isa = XCConfigurationList;
			buildConfigurations = (
				99E427C81C127E7D00527174 /* Debug */,
				99E427C91C127E7D00527174 /* Release */,
			);
			defaultConfigurationIsVisible = 0;
			defaultConfigurationName = Release;
		};
		99E427CA1C127E7D00527174 /* Build configuration list for PBXNativeTarget "Advent" */ = {
			isa = XCConfigurationList;
			buildConfigurations = (
				99E427CB1C127E7D00527174 /* Debug */,
				99E427CC1C127E7D00527174 /* Release */,
			);
			defaultConfigurationIsVisible = 0;
			defaultConfigurationName = Release;
		};
/* End XCConfigurationList section */
	};
	rootObject = 99E427BB1C127E7D00527174 /* Project object */;
}
